
Microsoft Visual Studio Solution File, Format Version 12.00
# Visual Studio Version 17
VisualStudioVersion = 17.14.36327.8
MinimumVisualStudioVersion = 10.0.40219.1
Project("{2150E333-8FDC-42A3-9474-1A3956D46DE8}") = "src", "src", "{02EA681E-C7D8-13C7-8484-4AC65E1B71E8}"
EndProject
Project("{2150E333-8FDC-42A3-9474-1A3956D46DE8}") = "tests", "tests", "{EB61451B-61C6-4A25-BB30-59F1B3BB59E5}"
EndProject
Project("{2150E333-8FDC-42A3-9474-1A3956D46DE8}") = "Backend", "Backend", "{EF254F47-1040-483B-8C84-6612C431792E}"
EndProject
Project("{2150E333-8FDC-42A3-9474-1A3956D46DE8}") = "Shared", "Shared", "{EE94EFBC-8F6C-48D5-B63C-A8DBC7740C38}"
EndProject
Project("{FAE04EC0-301F-11D3-BF4B-00C04F79EFBC}") = "RDTrackR.API", "src\Backend\RDTrackR.API\RDTrackR.API.csproj", "{9F062532-5134-488D-9A1A-7891B9AF497F}"
EndProject
Project("{FAE04EC0-301F-11D3-BF4B-00C04F79EFBC}") = "RDTrackR.Domain", "src\Backend\RDTrackR.Domain\RDTrackR.Domain.csproj", "{58C12705-D237-46E6-8402-4C184EDB7C47}"
EndProject
Project("{FAE04EC0-301F-11D3-BF4B-00C04F79EFBC}") = "RDTrackR.Infrastructure", "src\Backend\RDTrackR.Infrastructure\RDTrackR.Infrastructure.csproj", "{226C91D2-E75E-4859-81AB-FAA16E7CE86B}"
EndProject
Project("{FAE04EC0-301F-11D3-BF4B-00C04F79EFBC}") = "RDTrackR.Communication", "src\Shared\RDTrackR.Communication\RDTrackR.Communication.csproj", "{B979F177-CB90-4E33-B1A6-03233AC7A72F}"
EndProject
Project("{FAE04EC0-301F-11D3-BF4B-00C04F79EFBC}") = "RDTrackR.Exceptions", "src\Shared\RDTrackR.Exceptions\RDTrackR.Exceptions.csproj", "{BD81B41A-93A3-47D3-B961-F7E0DEC7A2DC}"
EndProject
Project("{FAE04EC0-301F-11D3-BF4B-00C04F79EFBC}") = "RDTrackR.Application", "src\Backend\RDTrackR.Application\RDTrackR.Application.csproj", "{550B240A-9E06-4C35-88F3-AD0C594272A1}"
EndProject
Project("{FAE04EC0-301F-11D3-BF4B-00C04F79EFBC}") = "Validors.Test", "tests\Validors.Test\Validors.Test.csproj", "{6CF727B0-1EB7-45E0-8800-A2410366083A}"
EndProject
Project("{FAE04EC0-301F-11D3-BF4B-00C04F79EFBC}") = "CommonTestUtilities", "tests\CommonTestUtilities\CommonTestUtilities.csproj", "{23D9334C-638D-445B-8E58-ED25EA0C47AD}"
EndProject
Project("{FAE04EC0-301F-11D3-BF4B-00C04F79EFBC}") = "UseCases.Test", "tests\UseCases.Test\UseCases.Test.csproj", "{B1F549E6-C217-472E-874A-7AB4431D8F82}"
EndProject
Project("{FAE04EC0-301F-11D3-BF4B-00C04F79EFBC}") = "WebApi.Test", "tests\WebApi.Test\WebApi.Test.csproj", "{F9E47548-3496-4F56-B2F1-51C0650973B3}"
EndProject
Global
	GlobalSection(SolutionConfigurationPlatforms) = preSolution
		Debug|Any CPU = Debug|Any CPU
		Release|Any CPU = Release|Any CPU
	EndGlobalSection
	GlobalSection(ProjectConfigurationPlatforms) = postSolution
		{9F062532-5134-488D-9A1A-7891B9AF497F}.Debug|Any CPU.ActiveCfg = Debug|Any CPU
		{9F062532-5134-488D-9A1A-7891B9AF497F}.Debug|Any CPU.Build.0 = Debug|Any CPU
		{9F062532-5134-488D-9A1A-7891B9AF497F}.Release|Any CPU.ActiveCfg = Release|Any CPU
		{9F062532-5134-488D-9A1A-7891B9AF497F}.Release|Any CPU.Build.0 = Release|Any CPU
		{58C12705-D237-46E6-8402-4C184EDB7C47}.Debug|Any CPU.ActiveCfg = Debug|Any CPU
		{58C12705-D237-46E6-8402-4C184EDB7C47}.Debug|Any CPU.Build.0 = Debug|Any CPU
		{58C12705-D237-46E6-8402-4C184EDB7C47}.Release|Any CPU.ActiveCfg = Release|Any CPU
		{58C12705-D237-46E6-8402-4C184EDB7C47}.Release|Any CPU.Build.0 = Release|Any CPU
		{226C91D2-E75E-4859-81AB-FAA16E7CE86B}.Debug|Any CPU.ActiveCfg = Debug|Any CPU
		{226C91D2-E75E-4859-81AB-FAA16E7CE86B}.Debug|Any CPU.Build.0 = Debug|Any CPU
		{226C91D2-E75E-4859-81AB-FAA16E7CE86B}.Release|Any CPU.ActiveCfg = Release|Any CPU
		{226C91D2-E75E-4859-81AB-FAA16E7CE86B}.Release|Any CPU.Build.0 = Release|Any CPU
		{B979F177-CB90-4E33-B1A6-03233AC7A72F}.Debug|Any CPU.ActiveCfg = Debug|Any CPU
		{B979F177-CB90-4E33-B1A6-03233AC7A72F}.Debug|Any CPU.Build.0 = Debug|Any CPU
		{B979F177-CB90-4E33-B1A6-03233AC7A72F}.Release|Any CPU.ActiveCfg = Release|Any CPU
		{B979F177-CB90-4E33-B1A6-03233AC7A72F}.Release|Any CPU.Build.0 = Release|Any CPU
		{BD81B41A-93A3-47D3-B961-F7E0DEC7A2DC}.Debug|Any CPU.ActiveCfg = Debug|Any CPU
		{BD81B41A-93A3-47D3-B961-F7E0DEC7A2DC}.Debug|Any CPU.Build.0 = Debug|Any CPU
		{BD81B41A-93A3-47D3-B961-F7E0DEC7A2DC}.Release|Any CPU.ActiveCfg = Release|Any CPU
		{BD81B41A-93A3-47D3-B961-F7E0DEC7A2DC}.Release|Any CPU.Build.0 = Release|Any CPU
		{550B240A-9E06-4C35-88F3-AD0C594272A1}.Debug|Any CPU.ActiveCfg = Debug|Any CPU
		{550B240A-9E06-4C35-88F3-AD0C594272A1}.Debug|Any CPU.Build.0 = Debug|Any CPU
		{550B240A-9E06-4C35-88F3-AD0C594272A1}.Release|Any CPU.ActiveCfg = Release|Any CPU
		{550B240A-9E06-4C35-88F3-AD0C594272A1}.Release|Any CPU.Build.0 = Release|Any CPU
		{6CF727B0-1EB7-45E0-8800-A2410366083A}.Debug|Any CPU.ActiveCfg = Debug|Any CPU
		{6CF727B0-1EB7-45E0-8800-A2410366083A}.Debug|Any CPU.Build.0 = Debug|Any CPU
		{6CF727B0-1EB7-45E0-8800-A2410366083A}.Release|Any CPU.ActiveCfg = Release|Any CPU
		{6CF727B0-1EB7-45E0-8800-A2410366083A}.Release|Any CPU.Build.0 = Release|Any CPU
		{23D9334C-638D-445B-8E58-ED25EA0C47AD}.Debug|Any CPU.ActiveCfg = Debug|Any CPU
		{23D9334C-638D-445B-8E58-ED25EA0C47AD}.Debug|Any CPU.Build.0 = Debug|Any CPU
		{23D9334C-638D-445B-8E58-ED25EA0C47AD}.Release|Any CPU.ActiveCfg = Release|Any CPU
		{23D9334C-638D-445B-8E58-ED25EA0C47AD}.Release|Any CPU.Build.0 = Release|Any CPU
		{B1F549E6-C217-472E-874A-7AB4431D8F82}.Debug|Any CPU.ActiveCfg = Debug|Any CPU
		{B1F549E6-C217-472E-874A-7AB4431D8F82}.Debug|Any CPU.Build.0 = Debug|Any CPU
		{B1F549E6-C217-472E-874A-7AB4431D8F82}.Release|Any CPU.ActiveCfg = Release|Any CPU
		{B1F549E6-C217-472E-874A-7AB4431D8F82}.Release|Any CPU.Build.0 = Release|Any CPU
		{F9E47548-3496-4F56-B2F1-51C0650973B3}.Debug|Any CPU.ActiveCfg = Debug|Any CPU
		{F9E47548-3496-4F56-B2F1-51C0650973B3}.Debug|Any CPU.Build.0 = Debug|Any CPU
		{F9E47548-3496-4F56-B2F1-51C0650973B3}.Release|Any CPU.ActiveCfg = Release|Any CPU
		{F9E47548-3496-4F56-B2F1-51C0650973B3}.Release|Any CPU.Build.0 = Release|Any CPU
	EndGlobalSection
	GlobalSection(SolutionProperties) = preSolution
		HideSolutionNode = FALSE
	EndGlobalSection
	GlobalSection(NestedProjects) = preSolution
		{EF254F47-1040-483B-8C84-6612C431792E} = {02EA681E-C7D8-13C7-8484-4AC65E1B71E8}
		{EE94EFBC-8F6C-48D5-B63C-A8DBC7740C38} = {02EA681E-C7D8-13C7-8484-4AC65E1B71E8}
		{9F062532-5134-488D-9A1A-7891B9AF497F} = {EF254F47-1040-483B-8C84-6612C431792E}
		{58C12705-D237-46E6-8402-4C184EDB7C47} = {EF254F47-1040-483B-8C84-6612C431792E}
		{226C91D2-E75E-4859-81AB-FAA16E7CE86B} = {EF254F47-1040-483B-8C84-6612C431792E}
		{B979F177-CB90-4E33-B1A6-03233AC7A72F} = {EE94EFBC-8F6C-48D5-B63C-A8DBC7740C38}
		{BD81B41A-93A3-47D3-B961-F7E0DEC7A2DC} = {EE94EFBC-8F6C-48D5-B63C-A8DBC7740C38}
		{550B240A-9E06-4C35-88F3-AD0C594272A1} = {EF254F47-1040-483B-8C84-6612C431792E}
		{6CF727B0-1EB7-45E0-8800-A2410366083A} = {EB61451B-61C6-4A25-BB30-59F1B3BB59E5}
		{23D9334C-638D-445B-8E58-ED25EA0C47AD} = {EB61451B-61C6-4A25-BB30-59F1B3BB59E5}
		{B1F549E6-C217-472E-874A-7AB4431D8F82} = {EB61451B-61C6-4A25-BB30-59F1B3BB59E5}
		{F9E47548-3496-4F56-B2F1-51C0650973B3} = {EB61451B-61C6-4A25-BB30-59F1B3BB59E5}
	EndGlobalSection
	GlobalSection(ExtensibilityGlobals) = postSolution
		SolutionGuid = {D84CF617-FC9B-4DE8-B3F0-754CA1946026}
	EndGlobalSection
EndGlobal
